
Microsoft Visual Studio Solution File, Format Version 12.00
# Visual Studio Version 17
VisualStudioVersion = 17.11.35312.102
MinimumVisualStudioVersion = 10.0.40219.1
Project("{9A19103F-16F7-4668-BE54-9A1E7A4F7556}") = "CompanyEmployees", "CompanyEmployees\CompanyEmployees.csproj", "{4FFDABAB-473C-4551-94D5-50499B35EA9A}"
EndProject
Project("{FAE04EC0-301F-11D3-BF4B-00C04F79EFBC}") = "Contracts", "Contracts\Contracts.csproj", "{0BD26F2E-613A-4C2D-8346-143C4A3786F7}"
EndProject
Project("{FAE04EC0-301F-11D3-BF4B-00C04F79EFBC}") = "LoggerService", "LoggerService\LoggerService.csproj", "{83B6DEFE-DD3B-4121-AA96-06331562AC3B}"
EndProject
Global
	GlobalSection(SolutionConfigurationPlatforms) = preSolution
		Debug|Any CPU = Debug|Any CPU
		Release|Any CPU = Release|Any CPU
	EndGlobalSection
	GlobalSection(ProjectConfigurationPlatforms) = postSolution
		{4FFDABAB-473C-4551-94D5-50499B35EA9A}.Debug|Any CPU.ActiveCfg = Debug|Any CPU
		{4FFDABAB-473C-4551-94D5-50499B35EA9A}.Debug|Any CPU.Build.0 = Debug|Any CPU
		{4FFDABAB-473C-4551-94D5-50499B35EA9A}.Release|Any CPU.ActiveCfg = Release|Any CPU
		{4FFDABAB-473C-4551-94D5-50499B35EA9A}.Release|Any CPU.Build.0 = Release|Any CPU
		{0BD26F2E-613A-4C2D-8346-143C4A3786F7}.Debug|Any CPU.ActiveCfg = Debug|Any CPU
		{0BD26F2E-613A-4C2D-8346-143C4A3786F7}.Debug|Any CPU.Build.0 = Debug|Any CPU
		{0BD26F2E-613A-4C2D-8346-143C4A3786F7}.Release|Any CPU.ActiveCfg = Release|Any CPU
		{0BD26F2E-613A-4C2D-8346-143C4A3786F7}.Release|Any CPU.Build.0 = Release|Any CPU
		{83B6DEFE-DD3B-4121-AA96-06331562AC3B}.Debug|Any CPU.ActiveCfg = Debug|Any CPU
		{83B6DEFE-DD3B-4121-AA96-06331562AC3B}.Debug|Any CPU.Build.0 = Debug|Any CPU
		{83B6DEFE-DD3B-4121-AA96-06331562AC3B}.Release|Any CPU.ActiveCfg = Release|Any CPU
		{83B6DEFE-DD3B-4121-AA96-06331562AC3B}.Release|Any CPU.Build.0 = Release|Any CPU
	EndGlobalSection
	GlobalSection(SolutionProperties) = preSolution
		HideSolutionNode = FALSE
	EndGlobalSection
	GlobalSection(ExtensibilityGlobals) = postSolution
		SolutionGuid = {B723C277-A18A-44AE-8FE8-31708AAD094F}
	EndGlobalSection
EndGlobal
