
Microsoft Visual Studio Solution File, Format Version 12.00
# Visual Studio Version 16
VisualStudioVersion = 16.0.31613.86
MinimumVisualStudioVersion = 10.0.40219.1
Project("{9A19103F-16F7-4668-BE54-9A1E7A4F7556}") = "CompanyEmployees", "CompanyEmployees\CompanyEmployees.csproj", "{C2E0DEA1-870D-4A56-B269-F6F1FC103F75}"
EndProject
Project("{9A19103F-16F7-4668-BE54-9A1E7A4F7556}") = "Contracts", "Contracts\Contracts.csproj", "{B1841F63-3B48-4772-8F42-8AE29E919550}"
EndProject
Project("{9A19103F-16F7-4668-BE54-9A1E7A4F7556}") = "LoggerService", "LoggerService\LoggerService.csproj", "{720DB62A-9AFD-4893-B45B-B195CD3B6474}"
EndProject
Project("{9A19103F-16F7-4668-BE54-9A1E7A4F7556}") = "Entities", "Entities\Entities.csproj", "{33390835-310B-421B-8CB3-E8A43DEA6C9D}"
EndProject
Project("{9A19103F-16F7-4668-BE54-9A1E7A4F7556}") = "Repository", "Repository\Repository.csproj", "{8B3363D2-1CE8-41F9-9707-0E9B72B7E4C0}"
EndProject
Global
	GlobalSection(SolutionConfigurationPlatforms) = preSolution
		Debug|Any CPU = Debug|Any CPU
		Release|Any CPU = Release|Any CPU
	EndGlobalSection
	GlobalSection(ProjectConfigurationPlatforms) = postSolution
		{C2E0DEA1-870D-4A56-B269-F6F1FC103F75}.Debug|Any CPU.ActiveCfg = Debug|Any CPU
		{C2E0DEA1-870D-4A56-B269-F6F1FC103F75}.Debug|Any CPU.Build.0 = Debug|Any CPU
		{C2E0DEA1-870D-4A56-B269-F6F1FC103F75}.Release|Any CPU.ActiveCfg = Release|Any CPU
		{C2E0DEA1-870D-4A56-B269-F6F1FC103F75}.Release|Any CPU.Build.0 = Release|Any CPU
		{B1841F63-3B48-4772-8F42-8AE29E919550}.Debug|Any CPU.ActiveCfg = Debug|Any CPU
		{B1841F63-3B48-4772-8F42-8AE29E919550}.Debug|Any CPU.Build.0 = Debug|Any CPU
		{B1841F63-3B48-4772-8F42-8AE29E919550}.Release|Any CPU.ActiveCfg = Release|Any CPU
		{B1841F63-3B48-4772-8F42-8AE29E919550}.Release|Any CPU.Build.0 = Release|Any CPU
		{720DB62A-9AFD-4893-B45B-B195CD3B6474}.Debug|Any CPU.ActiveCfg = Debug|Any CPU
		{720DB62A-9AFD-4893-B45B-B195CD3B6474}.Debug|Any CPU.Build.0 = Debug|Any CPU
		{720DB62A-9AFD-4893-B45B-B195CD3B6474}.Release|Any CPU.ActiveCfg = Release|Any CPU
		{720DB62A-9AFD-4893-B45B-B195CD3B6474}.Release|Any CPU.Build.0 = Release|Any CPU
		{33390835-310B-421B-8CB3-E8A43DEA6C9D}.Debug|Any CPU.ActiveCfg = Debug|Any CPU
		{33390835-310B-421B-8CB3-E8A43DEA6C9D}.Debug|Any CPU.Build.0 = Debug|Any CPU
		{33390835-310B-421B-8CB3-E8A43DEA6C9D}.Release|Any CPU.ActiveCfg = Release|Any CPU
		{33390835-310B-421B-8CB3-E8A43DEA6C9D}.Release|Any CPU.Build.0 = Release|Any CPU
		{8B3363D2-1CE8-41F9-9707-0E9B72B7E4C0}.Debug|Any CPU.ActiveCfg = Debug|Any CPU
		{8B3363D2-1CE8-41F9-9707-0E9B72B7E4C0}.Debug|Any CPU.Build.0 = Debug|Any CPU
		{8B3363D2-1CE8-41F9-9707-0E9B72B7E4C0}.Release|Any CPU.ActiveCfg = Release|Any CPU
		{8B3363D2-1CE8-41F9-9707-0E9B72B7E4C0}.Release|Any CPU.Build.0 = Release|Any CPU
	EndGlobalSection
	GlobalSection(SolutionProperties) = preSolution
		HideSolutionNode = FALSE
	EndGlobalSection
	GlobalSection(ExtensibilityGlobals) = postSolution
		SolutionGuid = {62B97314-0012-405C-924D-82160C4C8387}
	EndGlobalSection
EndGlobal
